
Microsoft Visual Studio Solution File, Format Version 12.00
# Visual Studio Version 17
VisualStudioVersion = 17.4.33122.133
MinimumVisualStudioVersion = 10.0.40219.1
Project("{FAE04EC0-301F-11D3-BF4B-00C04F79EFBC}") = "DAVIN", "DAVIN.csproj", "{21023B77-41FF-457F-98D0-C82D95B7EC2A}"
EndProject
Global
	GlobalSection(SolutionConfigurationPlatforms) = preSolution
		Debug|Any CPU = Debug|Any CPU
		Release|Any CPU = Release|Any CPU
	EndGlobalSection
	GlobalSection(ProjectConfigurationPlatforms) = postSolution
		{21023B77-41FF-457F-98D0-C82D95B7EC2A}.Debug|Any CPU.ActiveCfg = Debug|Any CPU
		{21023B77-41FF-457F-98D0-C82D95B7EC2A}.Debug|Any CPU.Build.0 = Debug|Any CPU
		{21023B77-41FF-457F-98D0-C82D95B7EC2A}.Release|Any CPU.ActiveCfg = Release|Any CPU
		{21023B77-41FF-457F-98D0-C82D95B7EC2A}.Release|Any CPU.Build.0 = Release|Any CPU
	EndGlobalSection
	GlobalSection(SolutionProperties) = preSolution
		HideSolutionNode = FALSE
	EndGlobalSection
	GlobalSection(ExtensibilityGlobals) = postSolution
		SolutionGuid = {E15705D3-0A95-476C-95C0-7C28B46AF2D3}
	EndGlobalSection
EndGlobal
